<?xml version="1.0" encoding="UTF-8" standalone="yes" ?>
<CodeBlocks_project_file>
   <FileVersion major="1" minor="6" />
   <Project>
      <Option title="EspressoExtension" />
      <Option makefile_is_custom="1" />
      <Option compiler="gcc" />
      <Option virtualFolders="CMake Files\;CMake Files\..\;CMake Files\..\..\;CMake Files\..\..\local\;CMake Files\..\..\local\lib\;CMake Files\..\..\local\lib\avogadro\;CMake Files\..\..\local\lib\avogadro\1_1\;CMake Files\..\..\local\lib\avogadro\1_1\cmake\;CMake Files\..\..\..\;CMake Files\..\..\..\..\;CMake Files\..\..\..\..\usr\;CMake Files\..\..\..\..\usr\lib\;CMake Files\..\..\..\..\usr\lib\cmake\;CMake Files\..\..\..\..\usr\lib\cmake\openbabel2\;" />
      <Build>
      <Target title="all">
         <Option working_dir="/home/iazzi/projects/espressoextension" />
         <Option type="4" />
         <MakeCommands>
            <Build command="/usr/bin/make -f &quot;/home/iazzi/projects/espressoextension/Makefile&quot;  VERBOSE=1 all" />
            <CompileFile command="/usr/bin/make -f &quot;/home/iazzi/projects/espressoextension/Makefile&quot;  VERBOSE=1 &quot;$file&quot;" />
            <Clean command="/usr/bin/make -f &quot;/home/iazzi/projects/espressoextension/Makefile&quot;  VERBOSE=1 clean" />
            <DistClean command="/usr/bin/make -f &quot;/home/iazzi/projects/espressoextension/Makefile&quot;  VERBOSE=1 clean" />
         </MakeCommands>
      </Target>
      <Target title="espressoextension">
         <Option output="/home/iazzi/projects/espressoextension/espressoextension.so" prefix_auto="0" extension_auto="0" />
         <Option working_dir="/home/iazzi/projects/espressoextension" />
         <Option object_output="./" />
         <Option type="3" />
         <Option compiler="gcc" />
         <Compiler>
            <Add option="-DQT_NO_DEBUG" />
            <Add option="-DQT_OPENGL_LIB" />
            <Add option="-DQT_GUI_LIB" />
            <Add option="-DQT_XML_LIB" />
            <Add option="-DQT_CORE_LIB" />
            <Add option="-DQT_PLUGIN" />
            <Add option="-DQT_SHARED" />
            <Add directory="/home/iazzi/local/include" />
            <Add directory="/home/iazzi/projects/espressoextension" />
            <Add directory="/usr/include/QtCore" />
            <Add directory="/usr/include/QtGui" />
            <Add directory="/usr/include/QtOpenGL" />
            <Add directory="/usr/include/QtXml" />
            <Add directory="/usr/include/eigen2" />
            <Add directory="/usr/include/openbabel-2.0" />
         </Compiler>
         <MakeCommands>
            <Build command="/usr/bin/make -f &quot;/home/iazzi/projects/espressoextension/Makefile&quot;  VERBOSE=1 espressoextension" />
            <CompileFile command="/usr/bin/make -f &quot;/home/iazzi/projects/espressoextension/Makefile&quot;  VERBOSE=1 &quot;$file&quot;" />
            <Clean command="/usr/bin/make -f &quot;/home/iazzi/projects/espressoextension/Makefile&quot;  VERBOSE=1 clean" />
            <DistClean command="/usr/bin/make -f &quot;/home/iazzi/projects/espressoextension/Makefile&quot;  VERBOSE=1 clean" />
         </MakeCommands>
      </Target>
      <Target title="espressoextension/fast">
         <Option output="/home/iazzi/projects/espressoextension/espressoextension.so" prefix_auto="0" extension_auto="0" />
         <Option working_dir="/home/iazzi/projects/espressoextension" />
         <Option object_output="./" />
         <Option type="3" />
         <Option compiler="gcc" />
         <Compiler>
            <Add option="-DQT_NO_DEBUG" />
            <Add option="-DQT_OPENGL_LIB" />
            <Add option="-DQT_GUI_LIB" />
            <Add option="-DQT_XML_LIB" />
            <Add option="-DQT_CORE_LIB" />
            <Add option="-DQT_PLUGIN" />
            <Add option="-DQT_SHARED" />
            <Add directory="/home/iazzi/local/include" />
            <Add directory="/home/iazzi/projects/espressoextension" />
            <Add directory="/usr/include/QtCore" />
            <Add directory="/usr/include/QtGui" />
            <Add directory="/usr/include/QtOpenGL" />
            <Add directory="/usr/include/QtXml" />
            <Add directory="/usr/include/eigen2" />
            <Add directory="/usr/include/openbabel-2.0" />
         </Compiler>
         <MakeCommands>
            <Build command="/usr/bin/make -f &quot;/home/iazzi/projects/espressoextension/Makefile&quot;  VERBOSE=1 espressoextension/fast" />
            <CompileFile command="/usr/bin/make -f &quot;/home/iazzi/projects/espressoextension/Makefile&quot;  VERBOSE=1 &quot;$file&quot;" />
            <Clean command="/usr/bin/make -f &quot;/home/iazzi/projects/espressoextension/Makefile&quot;  VERBOSE=1 clean" />
            <DistClean command="/usr/bin/make -f &quot;/home/iazzi/projects/espressoextension/Makefile&quot;  VERBOSE=1 clean" />
         </MakeCommands>
      </Target>
      <Target title="espressoextension.avo">
         <Option working_dir="/home/iazzi/projects/espressoextension" />
         <Option type="4" />
         <MakeCommands>
            <Build command="/usr/bin/make -f &quot;/home/iazzi/projects/espressoextension/Makefile&quot;  VERBOSE=1 espressoextension.avo" />
            <CompileFile command="/usr/bin/make -f &quot;/home/iazzi/projects/espressoextension/Makefile&quot;  VERBOSE=1 &quot;$file&quot;" />
            <Clean command="/usr/bin/make -f &quot;/home/iazzi/projects/espressoextension/Makefile&quot;  VERBOSE=1 clean" />
            <DistClean command="/usr/bin/make -f &quot;/home/iazzi/projects/espressoextension/Makefile&quot;  VERBOSE=1 clean" />
         </MakeCommands>
      </Target>
      <Target title="espressoextension.install_package">
         <Option working_dir="/home/iazzi/projects/espressoextension" />
         <Option type="4" />
         <MakeCommands>
            <Build command="/usr/bin/make -f &quot;/home/iazzi/projects/espressoextension/Makefile&quot;  VERBOSE=1 espressoextension.install_package" />
            <CompileFile command="/usr/bin/make -f &quot;/home/iazzi/projects/espressoextension/Makefile&quot;  VERBOSE=1 &quot;$file&quot;" />
            <Clean command="/usr/bin/make -f &quot;/home/iazzi/projects/espressoextension/Makefile&quot;  VERBOSE=1 clean" />
            <DistClean command="/usr/bin/make -f &quot;/home/iazzi/projects/espressoextension/Makefile&quot;  VERBOSE=1 clean" />
         </MakeCommands>
      </Target>
      <Target title="espressoextension.manifest">
         <Option working_dir="/home/iazzi/projects/espressoextension" />
         <Option type="4" />
         <MakeCommands>
            <Build command="/usr/bin/make -f &quot;/home/iazzi/projects/espressoextension/Makefile&quot;  VERBOSE=1 espressoextension.manifest" />
            <CompileFile command="/usr/bin/make -f &quot;/home/iazzi/projects/espressoextension/Makefile&quot;  VERBOSE=1 &quot;$file&quot;" />
            <Clean command="/usr/bin/make -f &quot;/home/iazzi/projects/espressoextension/Makefile&quot;  VERBOSE=1 clean" />
            <DistClean command="/usr/bin/make -f &quot;/home/iazzi/projects/espressoextension/Makefile&quot;  VERBOSE=1 clean" />
         </MakeCommands>
      </Target>
      <Target title="espressoextension.mf">
         <Option working_dir="/home/iazzi/projects/espressoextension" />
         <Option type="4" />
         <MakeCommands>
            <Build command="/usr/bin/make -f &quot;/home/iazzi/projects/espressoextension/Makefile&quot;  VERBOSE=1 espressoextension.mf" />
            <CompileFile command="/usr/bin/make -f &quot;/home/iazzi/projects/espressoextension/Makefile&quot;  VERBOSE=1 &quot;$file&quot;" />
            <Clean command="/usr/bin/make -f &quot;/home/iazzi/projects/espressoextension/Makefile&quot;  VERBOSE=1 clean" />
            <DistClean command="/usr/bin/make -f &quot;/home/iazzi/projects/espressoextension/Makefile&quot;  VERBOSE=1 clean" />
         </MakeCommands>
      </Target>
      <Target title="espressoextension.package">
         <Option working_dir="/home/iazzi/projects/espressoextension" />
         <Option type="4" />
         <MakeCommands>
            <Build command="/usr/bin/make -f &quot;/home/iazzi/projects/espressoextension/Makefile&quot;  VERBOSE=1 espressoextension.package" />
            <CompileFile command="/usr/bin/make -f &quot;/home/iazzi/projects/espressoextension/Makefile&quot;  VERBOSE=1 &quot;$file&quot;" />
            <Clean command="/usr/bin/make -f &quot;/home/iazzi/projects/espressoextension/Makefile&quot;  VERBOSE=1 clean" />
            <DistClean command="/usr/bin/make -f &quot;/home/iazzi/projects/espressoextension/Makefile&quot;  VERBOSE=1 clean" />
         </MakeCommands>
      </Target>
      <Target title="install">
         <Option working_dir="/home/iazzi/projects/espressoextension" />
         <Option type="4" />
         <MakeCommands>
            <Build command="/usr/bin/make -f &quot;/home/iazzi/projects/espressoextension/Makefile&quot;  VERBOSE=1 install" />
            <CompileFile command="/usr/bin/make -f &quot;/home/iazzi/projects/espressoextension/Makefile&quot;  VERBOSE=1 &quot;$file&quot;" />
            <Clean command="/usr/bin/make -f &quot;/home/iazzi/projects/espressoextension/Makefile&quot;  VERBOSE=1 clean" />
            <DistClean command="/usr/bin/make -f &quot;/home/iazzi/projects/espressoextension/Makefile&quot;  VERBOSE=1 clean" />
         </MakeCommands>
      </Target>
      <Target title="install/local">
         <Option working_dir="/home/iazzi/projects/espressoextension" />
         <Option type="4" />
         <MakeCommands>
            <Build command="/usr/bin/make -f &quot;/home/iazzi/projects/espressoextension/Makefile&quot;  VERBOSE=1 install/local" />
            <CompileFile command="/usr/bin/make -f &quot;/home/iazzi/projects/espressoextension/Makefile&quot;  VERBOSE=1 &quot;$file&quot;" />
            <Clean command="/usr/bin/make -f &quot;/home/iazzi/projects/espressoextension/Makefile&quot;  VERBOSE=1 clean" />
            <DistClean command="/usr/bin/make -f &quot;/home/iazzi/projects/espressoextension/Makefile&quot;  VERBOSE=1 clean" />
         </MakeCommands>
      </Target>
      <Target title="list_install_components">
         <Option working_dir="/home/iazzi/projects/espressoextension" />
         <Option type="4" />
         <MakeCommands>
            <Build command="/usr/bin/make -f &quot;/home/iazzi/projects/espressoextension/Makefile&quot;  VERBOSE=1 list_install_components" />
            <CompileFile command="/usr/bin/make -f &quot;/home/iazzi/projects/espressoextension/Makefile&quot;  VERBOSE=1 &quot;$file&quot;" />
            <Clean command="/usr/bin/make -f &quot;/home/iazzi/projects/espressoextension/Makefile&quot;  VERBOSE=1 clean" />
            <DistClean command="/usr/bin/make -f &quot;/home/iazzi/projects/espressoextension/Makefile&quot;  VERBOSE=1 clean" />
         </MakeCommands>
      </Target>
      <Target title="rebuild_cache">
         <Option working_dir="/home/iazzi/projects/espressoextension" />
         <Option type="4" />
         <MakeCommands>
            <Build command="/usr/bin/make -f &quot;/home/iazzi/projects/espressoextension/Makefile&quot;  VERBOSE=1 rebuild_cache" />
            <CompileFile command="/usr/bin/make -f &quot;/home/iazzi/projects/espressoextension/Makefile&quot;  VERBOSE=1 &quot;$file&quot;" />
            <Clean command="/usr/bin/make -f &quot;/home/iazzi/projects/espressoextension/Makefile&quot;  VERBOSE=1 clean" />
            <DistClean command="/usr/bin/make -f &quot;/home/iazzi/projects/espressoextension/Makefile&quot;  VERBOSE=1 clean" />
         </MakeCommands>
      </Target>
      </Build>
      <Unit filename="/home/iazzi/projects/espressoextension/espressoextension.cpp">
      </Unit>
      <Unit filename="/home/iazzi/projects/espressoextension/espressopwscfconfig.cpp">
      </Unit>
      <Unit filename="/home/iazzi/projects/espressoextension/espressopwscfdialog.cpp">
      </Unit>
      <Unit filename="/home/iazzi/projects/espressoextension/espressoextension.h">
      </Unit>
      <Unit filename="/home/iazzi/projects/espressoextension/espressopwscfconfig.h">
      </Unit>
      <Unit filename="/home/iazzi/projects/espressoextension/espressopwscfdialog.h">
      </Unit>
      <Unit filename="/home/iazzi/projects/espressoextension/CMakeLists.txt">
          <Option virtualFolder="CMake Files\" />
      </Unit>
      <Unit filename="/home/iazzi/projects/espressoextension/../../local/lib/avogadro/AvogadroConfigVersion.cmake">
          <Option virtualFolder="CMake Files\..\..\local\lib\avogadro\" />
      </Unit>
      <Unit filename="/home/iazzi/projects/espressoextension/../../local/lib/avogadro/AvogadroConfig.cmake">
          <Option virtualFolder="CMake Files\..\..\local\lib\avogadro\" />
      </Unit>
      <Unit filename="/home/iazzi/projects/espressoextension/../../local/lib/avogadro/1_1/AvogadroUse.cmake">
          <Option virtualFolder="CMake Files\..\..\local\lib\avogadro\1_1\" />
      </Unit>
      <Unit filename="/home/iazzi/projects/espressoextension/../../local/lib/avogadro/1_1/cmake/FindEigen2.cmake">
          <Option virtualFolder="CMake Files\..\..\local\lib\avogadro\1_1\cmake\" />
      </Unit>
      <Unit filename="/home/iazzi/projects/espressoextension/../../../../usr/lib/cmake/openbabel2/OpenBabel2ConfigVersion.cmake">
          <Option virtualFolder="CMake Files\..\..\..\..\usr\lib\cmake\openbabel2\" />
      </Unit>
      <Unit filename="/home/iazzi/projects/espressoextension/../../../../usr/lib/cmake/openbabel2/OpenBabel2Config.cmake">
          <Option virtualFolder="CMake Files\..\..\..\..\usr\lib\cmake\openbabel2\" />
      </Unit>
      <Unit filename="/home/iazzi/projects/espressoextension/../../../../usr/lib/cmake/openbabel2/OpenBabel2_EXPORTS.cmake">
          <Option virtualFolder="CMake Files\..\..\..\..\usr\lib\cmake\openbabel2\" />
      </Unit>
      <Unit filename="/home/iazzi/projects/espressoextension/../../../../usr/lib/cmake/openbabel2/OpenBabel2_EXPORTS-release.cmake">
          <Option virtualFolder="CMake Files\..\..\..\..\usr\lib\cmake\openbabel2\" />
      </Unit>
   </Project>
</CodeBlocks_project_file>
